
Microsoft Visual Studio Solution File, Format Version 12.00
# Visual Studio Version 16
VisualStudioVersion = 16.0.30104.148
MinimumVisualStudioVersion = 10.0.40219.1
Project("{9A19103F-16F7-4668-BE54-9A1E7A4F7556}") = "number detector", "Csharp Learning\number detector.csproj", "{156C88D5-E630-468C-8DD1-6ADA5C847A83}"
EndProject
Global
	GlobalSection(SolutionConfigurationPlatforms) = preSolution
		Debug|Any CPU = Debug|Any CPU
		Release|Any CPU = Release|Any CPU
	EndGlobalSection
	GlobalSection(ProjectConfigurationPlatforms) = postSolution
		{156C88D5-E630-468C-8DD1-6ADA5C847A83}.Debug|Any CPU.ActiveCfg = Debug|Any CPU
		{156C88D5-E630-468C-8DD1-6ADA5C847A83}.Debug|Any CPU.Build.0 = Debug|Any CPU
		{156C88D5-E630-468C-8DD1-6ADA5C847A83}.Release|Any CPU.ActiveCfg = Release|Any CPU
		{156C88D5-E630-468C-8DD1-6ADA5C847A83}.Release|Any CPU.Build.0 = Release|Any CPU
	EndGlobalSection
	GlobalSection(SolutionProperties) = preSolution
		HideSolutionNode = FALSE
	EndGlobalSection
	GlobalSection(ExtensibilityGlobals) = postSolution
		SolutionGuid = {116721F1-FFA8-4C7C-896F-74EA7FFC78BA}
	EndGlobalSection
EndGlobal
